
Microsoft Visual Studio Solution File, Format Version 12.00
# Visual Studio Version 16
VisualStudioVersion = 16.0.31424.327
MinimumVisualStudioVersion = 10.0.40219.1
Project("{FAE04EC0-301F-11D3-BF4B-00C04F79EFBC}") = "Resume Builder", "Resume Builder\Resume Builder.csproj", "{D641EF73-3B42-45E9-B924-E7BDC16AAE90}"
EndProject
Global
	GlobalSection(SolutionConfigurationPlatforms) = preSolution
		Debug|Any CPU = Debug|Any CPU
		Release|Any CPU = Release|Any CPU
	EndGlobalSection
	GlobalSection(ProjectConfigurationPlatforms) = postSolution
		{D641EF73-3B42-45E9-B924-E7BDC16AAE90}.Debug|Any CPU.ActiveCfg = Debug|Any CPU
		{D641EF73-3B42-45E9-B924-E7BDC16AAE90}.Debug|Any CPU.Build.0 = Debug|Any CPU
		{D641EF73-3B42-45E9-B924-E7BDC16AAE90}.Release|Any CPU.ActiveCfg = Release|Any CPU
		{D641EF73-3B42-45E9-B924-E7BDC16AAE90}.Release|Any CPU.Build.0 = Release|Any CPU
	EndGlobalSection
	GlobalSection(SolutionProperties) = preSolution
		HideSolutionNode = FALSE
	EndGlobalSection
	GlobalSection(ExtensibilityGlobals) = postSolution
		SolutionGuid = {4852E348-DF15-45E6-83A6-43AD445BADAA}
	EndGlobalSection
EndGlobal
